
Microsoft Visual Studio Solution File, Format Version 12.00
# Visual Studio 15
VisualStudioVersion = 15.0.27428.2027
MinimumVisualStudioVersion = 10.0.40219.1
Project("{FAE04EC0-301F-11D3-BF4B-00C04F79EFBC}") = "ClothBazar.Web", "ClothBazar.Web\ClothBazar.Web.csproj", "{D46D103D-D039-4B44-B393-ECCA947A24BC}"
EndProject
Project("{FAE04EC0-301F-11D3-BF4B-00C04F79EFBC}") = "ClothBazar.Web.Tests", "ClothBazar.Web.Tests\ClothBazar.Web.Tests.csproj", "{4E849190-1934-4FB7-881A-85949984B355}"
EndProject
Project("{FAE04EC0-301F-11D3-BF4B-00C04F79EFBC}") = "ClothBazar.Entities", "ClothBazar.Entities\ClothBazar.Entities.csproj", "{9BC6624F-AF3E-479D-85FD-0E72E90F857C}"
EndProject
Project("{FAE04EC0-301F-11D3-BF4B-00C04F79EFBC}") = "ClothBazar.Database", "ClothBazar.Database\ClothBazar.Database.csproj", "{C4871051-A4EC-4FFF-BBAA-B0DFAC03C7EA}"
EndProject
Project("{FAE04EC0-301F-11D3-BF4B-00C04F79EFBC}") = "ClothBazar.Service", "ClothBazar.Service\ClothBazar.Service.csproj", "{5F158DCD-9067-451E-8014-81C7E743461E}"
EndProject
Global
	GlobalSection(SolutionConfigurationPlatforms) = preSolution
		Debug|Any CPU = Debug|Any CPU
		Release|Any CPU = Release|Any CPU
	EndGlobalSection
	GlobalSection(ProjectConfigurationPlatforms) = postSolution
		{D46D103D-D039-4B44-B393-ECCA947A24BC}.Debug|Any CPU.ActiveCfg = Debug|Any CPU
		{D46D103D-D039-4B44-B393-ECCA947A24BC}.Debug|Any CPU.Build.0 = Debug|Any CPU
		{D46D103D-D039-4B44-B393-ECCA947A24BC}.Release|Any CPU.ActiveCfg = Release|Any CPU
		{D46D103D-D039-4B44-B393-ECCA947A24BC}.Release|Any CPU.Build.0 = Release|Any CPU
		{4E849190-1934-4FB7-881A-85949984B355}.Debug|Any CPU.ActiveCfg = Debug|Any CPU
		{4E849190-1934-4FB7-881A-85949984B355}.Debug|Any CPU.Build.0 = Debug|Any CPU
		{4E849190-1934-4FB7-881A-85949984B355}.Release|Any CPU.ActiveCfg = Release|Any CPU
		{4E849190-1934-4FB7-881A-85949984B355}.Release|Any CPU.Build.0 = Release|Any CPU
		{9BC6624F-AF3E-479D-85FD-0E72E90F857C}.Debug|Any CPU.ActiveCfg = Debug|Any CPU
		{9BC6624F-AF3E-479D-85FD-0E72E90F857C}.Debug|Any CPU.Build.0 = Debug|Any CPU
		{9BC6624F-AF3E-479D-85FD-0E72E90F857C}.Release|Any CPU.ActiveCfg = Release|Any CPU
		{9BC6624F-AF3E-479D-85FD-0E72E90F857C}.Release|Any CPU.Build.0 = Release|Any CPU
		{C4871051-A4EC-4FFF-BBAA-B0DFAC03C7EA}.Debug|Any CPU.ActiveCfg = Debug|Any CPU
		{C4871051-A4EC-4FFF-BBAA-B0DFAC03C7EA}.Debug|Any CPU.Build.0 = Debug|Any CPU
		{C4871051-A4EC-4FFF-BBAA-B0DFAC03C7EA}.Release|Any CPU.ActiveCfg = Release|Any CPU
		{C4871051-A4EC-4FFF-BBAA-B0DFAC03C7EA}.Release|Any CPU.Build.0 = Release|Any CPU
		{5F158DCD-9067-451E-8014-81C7E743461E}.Debug|Any CPU.ActiveCfg = Debug|Any CPU
		{5F158DCD-9067-451E-8014-81C7E743461E}.Debug|Any CPU.Build.0 = Debug|Any CPU
		{5F158DCD-9067-451E-8014-81C7E743461E}.Release|Any CPU.ActiveCfg = Release|Any CPU
		{5F158DCD-9067-451E-8014-81C7E743461E}.Release|Any CPU.Build.0 = Release|Any CPU
	EndGlobalSection
	GlobalSection(SolutionProperties) = preSolution
		HideSolutionNode = FALSE
	EndGlobalSection
	GlobalSection(ExtensibilityGlobals) = postSolution
		SolutionGuid = {09AE6CAE-FEE4-4DD7-AD4B-3B620DEF324C}
	EndGlobalSection
EndGlobal
